
Microsoft Visual Studio Solution File, Format Version 12.00
# Visual Studio Version 16
VisualStudioVersion = 16.0.31515.178
MinimumVisualStudioVersion = 10.0.40219.1
Project("{FAE04EC0-301F-11D3-BF4B-00C04F79EFBC}") = "NET5.Specflow", "NET5.Specflow.csproj", "{FEA31251-8851-432A-8296-B8821FB08155}"
EndProject
Global
	GlobalSection(SolutionConfigurationPlatforms) = preSolution
		Debug|Any CPU = Debug|Any CPU
		Release|Any CPU = Release|Any CPU
	EndGlobalSection
	GlobalSection(ProjectConfigurationPlatforms) = postSolution
		{FEA31251-8851-432A-8296-B8821FB08155}.Debug|Any CPU.ActiveCfg = Debug|Any CPU
		{FEA31251-8851-432A-8296-B8821FB08155}.Debug|Any CPU.Build.0 = Debug|Any CPU
		{FEA31251-8851-432A-8296-B8821FB08155}.Release|Any CPU.ActiveCfg = Release|Any CPU
		{FEA31251-8851-432A-8296-B8821FB08155}.Release|Any CPU.Build.0 = Release|Any CPU
	EndGlobalSection
	GlobalSection(SolutionProperties) = preSolution
		HideSolutionNode = FALSE
	EndGlobalSection
	GlobalSection(ExtensibilityGlobals) = postSolution
		SolutionGuid = {2531B43D-D32E-4CAC-BB37-F204F3B3ECE0}
	EndGlobalSection
EndGlobal
